
Microsoft Visual Studio Solution File, Format Version 12.00
# Visual Studio Version 17
VisualStudioVersion = 17.6.33815.320
MinimumVisualStudioVersion = 10.0.40219.1
Project("{8BC9CEB8-8B4A-11D0-8D11-00A0C91BC942}") = "MFCApplication1", "MFCApplication1\MFCApplication1.vcxproj", "{BE085502-C06C-4FF9-975E-8E4755AC25F7}"
EndProject
Global
	GlobalSection(SolutionConfigurationPlatforms) = preSolution
		Debug|x64 = Debug|x64
		Debug|x86 = Debug|x86
		Release|x64 = Release|x64
		Release|x86 = Release|x86
	EndGlobalSection
	GlobalSection(ProjectConfigurationPlatforms) = postSolution
		{BE085502-C06C-4FF9-975E-8E4755AC25F7}.Debug|x64.ActiveCfg = Debug|x64
		{BE085502-C06C-4FF9-975E-8E4755AC25F7}.Debug|x64.Build.0 = Debug|x64
		{BE085502-C06C-4FF9-975E-8E4755AC25F7}.Debug|x86.ActiveCfg = Debug|Win32
		{BE085502-C06C-4FF9-975E-8E4755AC25F7}.Debug|x86.Build.0 = Debug|Win32
		{BE085502-C06C-4FF9-975E-8E4755AC25F7}.Release|x64.ActiveCfg = Release|x64
		{BE085502-C06C-4FF9-975E-8E4755AC25F7}.Release|x64.Build.0 = Release|x64
		{BE085502-C06C-4FF9-975E-8E4755AC25F7}.Release|x86.ActiveCfg = Release|Win32
		{BE085502-C06C-4FF9-975E-8E4755AC25F7}.Release|x86.Build.0 = Release|Win32
	EndGlobalSection
	GlobalSection(SolutionProperties) = preSolution
		HideSolutionNode = FALSE
	EndGlobalSection
	GlobalSection(ExtensibilityGlobals) = postSolution
		SolutionGuid = {BB0EA7BD-3D4E-45FE-8250-587B7A8A1830}
	EndGlobalSection
EndGlobal
